<?xml version="1.0" encoding="utf-8"?>
<Project ToolsVersion="4.0" xmlns="http://schemas.microsoft.com/developer/msbuild/2003">
  <ItemGroup>
    <Filter Include="源文件">
      <UniqueIdentifier>{4FC737F1-C7A5-4376-A066-2A32D752A2FF}</UniqueIdentifier>
      <Extensions>cpp;c;cc;cxx;c++;cppm;ixx;def;odl;idl;hpj;bat;asm;asmx</Extensions>
    </Filter>
    <Filter Include="头文件">
      <UniqueIdentifier>{93995380-89BD-4b04-88EB-625FBE52EBFB}</UniqueIdentifier>
      <Extensions>h;hh;hpp;hxx;h++;hm;inl;inc;ipp;xsd</Extensions>
    </Filter>
    <Filter Include="资源文件">
      <UniqueIdentifier>{67DA6AB6-F800-4c08-8B7A-83BB121AAD01}</UniqueIdentifier>
      <Extensions>rc;ico;cur;bmp;dlg;rc2;rct;bin;rgs;gif;jpg;jpeg;jpe;resx;tiff;tif;png;wav;mfcribbon-ms</Extensions>
    </Filter>
    <Filter Include="头文件\Tools">
      <UniqueIdentifier>{7e68fb23-99e4-4e0a-bd69-ad803826665e}</UniqueIdentifier>
    </Filter>
    <Filter Include="源文件\Tools">
      <UniqueIdentifier>{23c7dbb0-f8b0-4236-9e88-67ad47118621}</UniqueIdentifier>
    </Filter>
    <Filter Include="源文件\Scenes">
      <UniqueIdentifier>{0cb2134f-d486-49b3-a2fe-29eb2c6a82bd}</UniqueIdentifier>
    </Filter>
    <Filter Include="头文件\Scenes">
      <UniqueIdentifier>{d17717cb-cd0a-48bf-a125-ad31ce5c554a}</UniqueIdentifier>
    </Filter>
    <Filter Include="源文件\Animate">
      <UniqueIdentifier>{89283a98-e489-465c-b56d-095c85683964}</UniqueIdentifier>
    </Filter>
    <Filter Include="头文件\Animate">
      <UniqueIdentifier>{64aafe4b-dbf9-4eec-8a89-d2dcd60c9ebf}</UniqueIdentifier>
    </Filter>
    <Filter Include="头文件\Player">
      <UniqueIdentifier>{7ab4ec6c-283b-41cf-a074-bad4491d45a0}</UniqueIdentifier>
    </Filter>
    <Filter Include="源文件\Player">
      <UniqueIdentifier>{3a4f2e90-8768-4b6a-b8ac-9d6c9f414aef}</UniqueIdentifier>
    </Filter>
    <Filter Include="头文件\Bullet">
      <UniqueIdentifier>{719098fd-06b7-463c-9d46-d097a7ca13c6}</UniqueIdentifier>
    </Filter>
    <Filter Include="源文件\Bullet">
      <UniqueIdentifier>{edfca82c-9adb-4e37-a1fa-b6d71ba5cc37}</UniqueIdentifier>
    </Filter>
  </ItemGroup>
  <ItemGroup>
    <ClCompile Include="main.cpp">
      <Filter>源文件</Filter>
    </ClCompile>
    <ClCompile Include="GameScene.cpp">
      <Filter>源文件\Scenes</Filter>
    </ClCompile>
    <ClCompile Include="MenuScene.cpp">
      <Filter>源文件\Scenes</Filter>
    </ClCompile>
    <ClCompile Include="SelectorScene.cpp">
      <Filter>源文件\Scenes</Filter>
    </ClCompile>
    <ClCompile Include="Atlas.cpp">
      <Filter>源文件\Animate</Filter>
    </ClCompile>
    <ClCompile Include="Animation.cpp">
      <Filter>源文件\Animate</Filter>
    </ClCompile>
    <ClCompile Include="SceneManager.cpp">
      <Filter>源文件</Filter>
    </ClCompile>
    <ClCompile Include="Timer.cpp">
      <Filter>源文件\Tools</Filter>
    </ClCompile>
    <ClCompile Include="vector2.cpp">
      <Filter>源文件\Tools</Filter>
    </ClCompile>
    <ClCompile Include="Camera.cpp">
      <Filter>源文件\Tools</Filter>
    </ClCompile>
    <ClCompile Include="Player.cpp">
      <Filter>源文件\Player</Filter>
    </ClCompile>
    <ClCompile Include="Sunflower.cpp">
      <Filter>源文件\Player</Filter>
    </ClCompile>
    <ClCompile Include="Peashooter.cpp">
      <Filter>源文件\Player</Filter>
    </ClCompile>
    <ClCompile Include="pea_bullet.cpp">
      <Filter>源文件\Bullet</Filter>
    </ClCompile>
    <ClCompile Include="sun_bullet.cpp">
      <Filter>源文件\Bullet</Filter>
    </ClCompile>
    <ClCompile Include="sun_bullet_ex.cpp">
      <Filter>源文件\Bullet</Filter>
    </ClCompile>
    <ClCompile Include="Platform.cpp">
      <Filter>源文件\Scenes</Filter>
    </ClCompile>
    <ClCompile Include="status_bar.cpp">
      <Filter>源文件\Scenes</Filter>
    </ClCompile>
  </ItemGroup>
  <ItemGroup>
    <ClInclude Include="SceneManager.h">
      <Filter>头文件</Filter>
    </ClInclude>
    <ClInclude Include="MenuScene.h">
      <Filter>头文件\Scenes</Filter>
    </ClInclude>
    <ClInclude Include="SelectorScene.h">
      <Filter>头文件\Scenes</Filter>
    </ClInclude>
    <ClInclude Include="GameScene.h">
      <Filter>头文件\Scenes</Filter>
    </ClInclude>
    <ClInclude Include="Animation.h">
      <Filter>头文件\Animate</Filter>
    </ClInclude>
    <ClInclude Include="Atlas.h">
      <Filter>头文件\Animate</Filter>
    </ClInclude>
    <ClInclude Include="Timer.h">
      <Filter>头文件\Tools</Filter>
    </ClInclude>
    <ClInclude Include="util.h">
      <Filter>头文件\Tools</Filter>
    </ClInclude>
    <ClInclude Include="vector2.h">
      <Filter>头文件\Tools</Filter>
    </ClInclude>
    <ClInclude Include="Camera.h">
      <Filter>头文件\Tools</Filter>
    </ClInclude>
    <ClInclude Include="Player.h">
      <Filter>头文件\Player</Filter>
    </ClInclude>
    <ClInclude Include="Peashooter.h">
      <Filter>头文件\Player</Filter>
    </ClInclude>
    <ClInclude Include="Sunflower.h">
      <Filter>头文件\Player</Filter>
    </ClInclude>
    <ClInclude Include="Bullet.h">
      <Filter>头文件\Bullet</Filter>
    </ClInclude>
    <ClInclude Include="sun_bullet.h">
      <Filter>头文件\Bullet</Filter>
    </ClInclude>
    <ClInclude Include="sun_bullet_ex.h">
      <Filter>头文件\Bullet</Filter>
    </ClInclude>
    <ClInclude Include="pea_bullet.h">
      <Filter>头文件\Bullet</Filter>
    </ClInclude>
    <ClInclude Include="Platform.h">
      <Filter>头文件\Scenes</Filter>
    </ClInclude>
    <ClInclude Include="Scene.h">
      <Filter>头文件\Scenes</Filter>
    </ClInclude>
    <ClInclude Include="ID.h">
      <Filter>头文件\Tools</Filter>
    </ClInclude>
    <ClInclude Include="status_bar.h">
      <Filter>头文件\Scenes</Filter>
    </ClInclude>
  </ItemGroup>
</Project>