
Microsoft Visual Studio Solution File, Format Version 12.00
# Visual Studio Version 17
VisualStudioVersion = 17.10.35027.167
MinimumVisualStudioVersion = 10.0.40219.1
Project("{8BC9CEB8-8B4A-11D0-8D11-00A0C91BC942}") = "easyX植物乱斗", "easyX植物乱斗.vcxproj", "{E9E233E6-EBFF-4274-80CF-5A3A30C31467}"
EndProject
Project("{54435603-DBB4-11D2-8724-00A0C9A8B90C}") = "植物乱斗", "..\植物乱斗\植物乱斗.vdproj", "{5FA641CC-683A-4C65-AC90-602A07E9FFFC}"
EndProject
Global
	GlobalSection(SolutionConfigurationPlatforms) = preSolution
		Debug|x64 = Debug|x64
		Debug|x86 = Debug|x86
		Release|x64 = Release|x64
		Release|x86 = Release|x86
	EndGlobalSection
	GlobalSection(ProjectConfigurationPlatforms) = postSolution
		{E9E233E6-EBFF-4274-80CF-5A3A30C31467}.Debug|x64.ActiveCfg = Debug|x64
		{E9E233E6-EBFF-4274-80CF-5A3A30C31467}.Debug|x64.Build.0 = Debug|x64
		{E9E233E6-EBFF-4274-80CF-5A3A30C31467}.Debug|x86.ActiveCfg = Debug|Win32
		{E9E233E6-EBFF-4274-80CF-5A3A30C31467}.Debug|x86.Build.0 = Debug|Win32
		{E9E233E6-EBFF-4274-80CF-5A3A30C31467}.Release|x64.ActiveCfg = Release|x64
		{E9E233E6-EBFF-4274-80CF-5A3A30C31467}.Release|x64.Build.0 = Release|x64
		{E9E233E6-EBFF-4274-80CF-5A3A30C31467}.Release|x86.ActiveCfg = Release|Win32
		{E9E233E6-EBFF-4274-80CF-5A3A30C31467}.Release|x86.Build.0 = Release|Win32
		{5FA641CC-683A-4C65-AC90-602A07E9FFFC}.Debug|x64.ActiveCfg = Debug
		{5FA641CC-683A-4C65-AC90-602A07E9FFFC}.Debug|x86.ActiveCfg = Debug
		{5FA641CC-683A-4C65-AC90-602A07E9FFFC}.Release|x64.ActiveCfg = Release
		{5FA641CC-683A-4C65-AC90-602A07E9FFFC}.Release|x86.ActiveCfg = Release
	EndGlobalSection
	GlobalSection(SolutionProperties) = preSolution
		HideSolutionNode = FALSE
	EndGlobalSection
	GlobalSection(ExtensibilityGlobals) = postSolution
		SolutionGuid = {2467BEDF-9886-434F-A46E-5DF1B2586C9E}
	EndGlobalSection
EndGlobal
